<?xml version="1.0" encoding="UTF-8" standalone="yes" ?>
<CodeBlocks_project_file>
	<FileVersion major="1" minor="6" />
	<Project>
		<Option title="case4-solid-fluid_program" />
		<Option pch_mode="2" />
		<Option compiler="gcc" />
		<Build>
			<Target title="Release">
				<Option output="bin/Release/case4-solid-fluid_program" prefix_auto="1" extension_auto="1" />
				<Option object_output="obj/Release/" />
				<Option type="1" />
				<Option compiler="gcc" />
				<Compiler>
					<Add option="-O2" />
				</Compiler>
				<Linker>
					<Add option="-s" />
				</Linker>
			</Target>
		</Build>
		<Compiler>
			<Add option="-Wall" />
		</Compiler>
		<Unit filename="../dfemtoolz_dMyLib/dBase/dCollection.h" />
		<Unit filename="../dfemtoolz_dMyLib/dBase/dConstants.h" />
		<Unit filename="../dfemtoolz_dMyLib/dBase/dError.cxx" />
		<Unit filename="../dfemtoolz_dMyLib/dBase/dError.h" />
		<Unit filename="../dfemtoolz_dMyLib/dBase/dSuperCollection.h" />
		<Unit filename="../dfemtoolz_dMyLib/dGeom/dGeom_Element.cxx" />
		<Unit filename="../dfemtoolz_dMyLib/dGeom/dGeom_Element.h" />
		<Unit filename="../dfemtoolz_dMyLib/dGeom/dGeom_Functions.cxx" />
		<Unit filename="../dfemtoolz_dMyLib/dGeom/dGeom_Functions.h" />
		<Unit filename="../dfemtoolz_dMyLib/dGeom/dGeom_Node.cxx" />
		<Unit filename="../dfemtoolz_dMyLib/dGeom/dGeom_Node.h" />
		<Unit filename="../dfemtoolz_dMyLib/dGeom/dGeom_Plane.cxx" />
		<Unit filename="../dfemtoolz_dMyLib/dGeom/dGeom_Plane.h" />
		<Unit filename="../dfemtoolz_dMyLib/dGeom/dGeom_TFunctions.h" />
		<Unit filename="../dfemtoolz_dMyLib/dInit/dInit_Node.cxx" />
		<Unit filename="../dfemtoolz_dMyLib/dInit/dInit_Node.h" />
		<Unit filename="../dfemtoolz_dMyLib/dMesh/dMesh_Boundary_and_Loads.cxx" />
		<Unit filename="../dfemtoolz_dMyLib/dMesh/dMesh_Boundary_and_Loads.h" />
		<Unit filename="../dfemtoolz_dMyLib/dMesh/dMesh_Neighbours.cxx" />
		<Unit filename="../dfemtoolz_dMyLib/dMesh/dMesh_Neighbours.h" />
		<Unit filename="../dfemtoolz_dMyLib/dMesh/dMesh_Node.cxx" />
		<Unit filename="../dfemtoolz_dMyLib/dMesh/dMesh_Node.h" />
		<Unit filename="../dfemtoolz_dMyLib/dMesh/dMeshing.cxx" />
		<Unit filename="../dfemtoolz_dMyLib/dMesh/dMeshing.h" />
		<Unit filename="../dfemtoolz_dMyLib/dMesh/dTMeshing.h" />
		<Unit filename="../dfemtoolz_dMyLib/dMisc/dDirectory_Miner.cxx" />
		<Unit filename="../dfemtoolz_dMyLib/dMisc/dDirectory_Miner.h" />
		<Unit filename="../dfemtoolz_dMyLib/dMisc/dMisc_Functionz.cxx" />
		<Unit filename="../dfemtoolz_dMyLib/dMisc/dMisc_Functionz.h" />
		<Unit filename="../dfemtoolz_dMyLib/dMisc/dPercent.cxx" />
		<Unit filename="../dfemtoolz_dMyLib/dMisc/dPercent.h" />
		<Unit filename="../dfemtoolz_dMyLib/dMisc/dRandom_Number_Generator.cxx" />
		<Unit filename="../dfemtoolz_dMyLib/dMisc/dRandom_Number_Generator.h" />
		<Unit filename="../dfemtoolz_dMyLib/dMisc/dSTL_Triangle.cxx" />
		<Unit filename="../dfemtoolz_dMyLib/dMisc/dSTL_Triangle.h" />
		<Unit filename="../dfemtoolz_dMyLib/dMisc/dTimer.cxx" />
		<Unit filename="../dfemtoolz_dMyLib/dMisc/dTimer.h" />
		<Unit filename="../dfemtoolz_dMyLib/dPost/dPost_Node.cxx" />
		<Unit filename="../dfemtoolz_dMyLib/dPost/dPost_Node.h" />
		<Unit filename="../dfemtoolz_dMyLib/dPrin/dInfo.cxx" />
		<Unit filename="../dfemtoolz_dMyLib/dPrin/dInfo.h" />
		<Unit filename="../dfemtoolz_dMyLib/dPrin/dPOS_Printer.cxx" />
		<Unit filename="../dfemtoolz_dMyLib/dPrin/dPOS_Printer.h" />
		<Unit filename="../dfemtoolz_dMyLib/dPrin/dPrinting.cxx" />
		<Unit filename="../dfemtoolz_dMyLib/dPrin/dPrinting.h" />
		<Unit filename="../dfemtoolz_dMyLib/dPrin/dSLI_Printer.cxx" />
		<Unit filename="../dfemtoolz_dMyLib/dPrin/dSLI_Printer.h" />
		<Unit filename="../dfemtoolz_dMyLib/dPrin/dVTK_Printer.cxx" />
		<Unit filename="../dfemtoolz_dMyLib/dPrin/dVTK_Printer.h" />
		<Unit filename="../dfemtoolz_dMyLib/dPrin/dWRL_Printer.cxx" />
		<Unit filename="../dfemtoolz_dMyLib/dPrin/dWRL_Printer.h" />
		<Unit filename="../dfemtoolz_dMyLib/dRead/dFAL_Reader.cxx" />
		<Unit filename="../dfemtoolz_dMyLib/dRead/dFAL_Reader.h" />
		<Unit filename="../dfemtoolz_dMyLib/dRead/dFemap_Reader.cxx" />
		<Unit filename="../dfemtoolz_dMyLib/dRead/dFemap_Reader.h" />
		<Unit filename="../dfemtoolz_dMyLib/dRead/dReading.cxx" />
		<Unit filename="../dfemtoolz_dMyLib/dRead/dReading.h" />
		<Unit filename="../dfemtoolz_dMyLib/dRead/dSLI_Reader.cxx" />
		<Unit filename="../dfemtoolz_dMyLib/dRead/dSLI_Reader.h" />
		<Unit filename="../dfemtoolz_dMyLib/dRead/dSTL_Reader.cxx" />
		<Unit filename="../dfemtoolz_dMyLib/dRead/dSTL_Reader.h" />
		<Unit filename="../dfemtoolz_dMyLib/dRead/dTetgen_Reader.cxx" />
		<Unit filename="../dfemtoolz_dMyLib/dRead/dTetgen_Reader.h" />
		<Unit filename="../dfemtoolz_dMyLib/dRead/dUNV_Reader.cxx" />
		<Unit filename="../dfemtoolz_dMyLib/dRead/dUNV_Reader.h" />
		<Unit filename="../dfemtoolz_dMyLib/dfemtoolz_dMyLib.h" />
		<Unit filename="../dfemtoolz_multimaterial/dmultimaterialF.cxx" />
		<Unit filename="../dfemtoolz_multimaterial/dmultimaterialF.h" />
		<Unit filename="../dfemtoolz_multimaterial/dmultimaterial_functions.cxx" />
		<Unit filename="../dfemtoolz_multimaterial/dmultimaterial_functions.h" />
		<Unit filename="../dfemtoolz_multimaterial/dmultimaterial_parameters.cxx" />
		<Unit filename="../dfemtoolz_multimaterial/dmultimaterial_parameters.h" />
		<Unit filename="../dfemtoolz_openR/dopenR_functions.cxx" />
		<Unit filename="../dfemtoolz_openR/dopenR_functions.h" />
		<Unit filename="../dfemtoolz_openR/dopenR_parameters.cxx" />
		<Unit filename="../dfemtoolz_openR/dopenR_parameters.h" />
		<Unit filename="../dfemtoolz_openR/dopenRf.cxx" />
		<Unit filename="../dfemtoolz_openR/dopenRf.h" />
		<Unit filename="../dfemtoolz_remesh/dFema/dremesh4Femap.cxx" />
		<Unit filename="../dfemtoolz_remesh/dFema/dremesh4Femap.h" />
		<Unit filename="../dfemtoolz_remesh/dFema/dremesh4FemapF.cxx" />
		<Unit filename="../dfemtoolz_remesh/dFema/dremesh4FemapF.h" />
		<Unit filename="../dfemtoolz_remesh/dTetg/dremesh4Tetgen.cxx" />
		<Unit filename="../dfemtoolz_remesh/dTetg/dremesh4Tetgen.h" />
		<Unit filename="../dfemtoolz_remesh/dTetg/dremesh4TetgenF.cxx" />
		<Unit filename="../dfemtoolz_remesh/dTetg/dremesh4TetgenF.h" />
		<Unit filename="../dfemtoolz_remesh/dTetg_tetra/dremesh4Tetgen_tetra.cxx" />
		<Unit filename="../dfemtoolz_remesh/dTetg_tetra/dremesh4Tetgen_tetra.h" />
		<Unit filename="../dfemtoolz_remesh/dTetg_tetra/dremesh4Tetgen_tetraF.cxx" />
		<Unit filename="../dfemtoolz_remesh/dTetg_tetra/dremesh4Tetgen_tetraF.h" />
		<Unit filename="../dfemtoolz_remesh/dremeshF.cxx" />
		<Unit filename="../dfemtoolz_remesh/dremeshF.h" />
		<Unit filename="../dfemtoolz_remesh/dremesh_parameters.cxx" />
		<Unit filename="../dfemtoolz_remesh/dremesh_parameters.h" />
		<Unit filename="case4-solid-fluid_program.cxx" />
		<Unit filename="case4-solid-fluid_program.h" />
		<Extensions>
			<code_completion />
			<debugger />
		</Extensions>
	</Project>
</CodeBlocks_project_file>
